{
  "version": 4,
  "terraform_version": "1.5.7",
  "serial": 8,
  "lineage": "state-surgery-lineage-001",
  "outputs": {},
  "resources": [
    {
      "mode": "managed",
      "type": "random_id",
      "name": "legacy_id",
      "provider": "provider[\"registry.terraform.io/hashicorp/random\"]",
      "instances": [
        {
          "schema_version": 0,
          "attributes": {
            "b64_std": "abc123==",
            "b64_url": "abc123",
            "byte_length": 8,
            "dec": "123456789",
            "hex": "deadbeef",
            "id": "deadbeef",
            "keepers": null,
            "prefix": null
          },
          "sensitive_attributes": []
        }
      ]
    }
  ],
  "check_results": null
}
