{
  "version": 4,
  "terraform_version": "1.5.0",
  "serial": 1,
  "lineage": "00000000-0000-0000-0000-000000000000",
  "outputs": {},
  "resources": [
    {
      "mode": "managed",
      "type": "local_file",
      "name": "config",
      "provider": "provider[\"registry.terraform.io/hashicorp/local\"]",
      "instances": [
        {
          "schema_version": 0,
          "attributes": {
            "content": "stale state content",
            "content_base64": null,
            "directory_permission": "0777",
            "file_permission": "0777",
            "filename": "/tmp/stale_config.txt",
            "id": "stale-id-0000",
            "sensitive_content": null,
            "source": null
          }
        }
      ]
    }
  ]
}
